
Microsoft Visual Studio Solution File, Format Version 12.00
# Visual Studio Version 16
VisualStudioVersion = 16.0.31605.320
MinimumVisualStudioVersion = 10.0.40219.1
Project("{9A19103F-16F7-4668-BE54-9A1E7A4F7556}") = "WebUI", "WebUI\WebUI.csproj", "{804B25D1-7077-4A26-9850-6F44D5E3636F}"
EndProject
Project("{FAE04EC0-301F-11D3-BF4B-00C04F79EFBC}") = "Infrastructure", "Infrastructure\Infrastructure.csproj", "{A299255A-49E2-4569-B3FE-8FFEE5A1939E}"
EndProject
Project("{FAE04EC0-301F-11D3-BF4B-00C04F79EFBC}") = "Core", "Coree\Core.csproj", "{30277424-AAF1-43A4-B098-78A36A3AFA82}"
EndProject
Global
	GlobalSection(SolutionConfigurationPlatforms) = preSolution
		Debug|Any CPU = Debug|Any CPU
		Release|Any CPU = Release|Any CPU
	EndGlobalSection
	GlobalSection(ProjectConfigurationPlatforms) = postSolution
		{804B25D1-7077-4A26-9850-6F44D5E3636F}.Debug|Any CPU.ActiveCfg = Debug|Any CPU
		{804B25D1-7077-4A26-9850-6F44D5E3636F}.Debug|Any CPU.Build.0 = Debug|Any CPU
		{804B25D1-7077-4A26-9850-6F44D5E3636F}.Release|Any CPU.ActiveCfg = Release|Any CPU
		{804B25D1-7077-4A26-9850-6F44D5E3636F}.Release|Any CPU.Build.0 = Release|Any CPU
		{A299255A-49E2-4569-B3FE-8FFEE5A1939E}.Debug|Any CPU.ActiveCfg = Debug|Any CPU
		{A299255A-49E2-4569-B3FE-8FFEE5A1939E}.Debug|Any CPU.Build.0 = Debug|Any CPU
		{A299255A-49E2-4569-B3FE-8FFEE5A1939E}.Release|Any CPU.ActiveCfg = Release|Any CPU
		{A299255A-49E2-4569-B3FE-8FFEE5A1939E}.Release|Any CPU.Build.0 = Release|Any CPU
		{30277424-AAF1-43A4-B098-78A36A3AFA82}.Debug|Any CPU.ActiveCfg = Debug|Any CPU
		{30277424-AAF1-43A4-B098-78A36A3AFA82}.Debug|Any CPU.Build.0 = Debug|Any CPU
		{30277424-AAF1-43A4-B098-78A36A3AFA82}.Release|Any CPU.ActiveCfg = Release|Any CPU
		{30277424-AAF1-43A4-B098-78A36A3AFA82}.Release|Any CPU.Build.0 = Release|Any CPU
	EndGlobalSection
	GlobalSection(SolutionProperties) = preSolution
		HideSolutionNode = FALSE
	EndGlobalSection
	GlobalSection(ExtensibilityGlobals) = postSolution
		SolutionGuid = {D16B8CB6-0213-458C-870E-3A66FD5767B6}
	EndGlobalSection
EndGlobal
