
Microsoft Visual Studio Solution File, Format Version 12.00
# Visual Studio Version 16
VisualStudioVersion = 16.0.31605.320
MinimumVisualStudioVersion = 10.0.40219.1
Project("{FAE04EC0-301F-11D3-BF4B-00C04F79EFBC}") = "WebUI", "WebUI\WebUI.csproj", "{804B25D1-7077-4A26-9850-6F44D5E3636F}"
EndProject
Project("{FAE04EC0-301F-11D3-BF4B-00C04F79EFBC}") = "Core", "Core\Core.csproj", "{E4EE1D11-4D48-4465-8986-03F973CB2136}"
EndProject
Project("{FAE04EC0-301F-11D3-BF4B-00C04F79EFBC}") = "Infastructure", "Infastructure\Infastructure.csproj", "{DB5BAB1D-C137-4910-A6EE-80030F895CFC}"
EndProject
Global
	GlobalSection(SolutionConfigurationPlatforms) = preSolution
		Debug|Any CPU = Debug|Any CPU
		Release|Any CPU = Release|Any CPU
	EndGlobalSection
	GlobalSection(ProjectConfigurationPlatforms) = postSolution
		{804B25D1-7077-4A26-9850-6F44D5E3636F}.Debug|Any CPU.ActiveCfg = Debug|Any CPU
		{804B25D1-7077-4A26-9850-6F44D5E3636F}.Debug|Any CPU.Build.0 = Debug|Any CPU
		{804B25D1-7077-4A26-9850-6F44D5E3636F}.Release|Any CPU.ActiveCfg = Release|Any CPU
		{804B25D1-7077-4A26-9850-6F44D5E3636F}.Release|Any CPU.Build.0 = Release|Any CPU
		{E4EE1D11-4D48-4465-8986-03F973CB2136}.Debug|Any CPU.ActiveCfg = Debug|Any CPU
		{E4EE1D11-4D48-4465-8986-03F973CB2136}.Debug|Any CPU.Build.0 = Debug|Any CPU
		{E4EE1D11-4D48-4465-8986-03F973CB2136}.Release|Any CPU.ActiveCfg = Release|Any CPU
		{E4EE1D11-4D48-4465-8986-03F973CB2136}.Release|Any CPU.Build.0 = Release|Any CPU
		{DB5BAB1D-C137-4910-A6EE-80030F895CFC}.Debug|Any CPU.ActiveCfg = Debug|Any CPU
		{DB5BAB1D-C137-4910-A6EE-80030F895CFC}.Debug|Any CPU.Build.0 = Debug|Any CPU
		{DB5BAB1D-C137-4910-A6EE-80030F895CFC}.Release|Any CPU.ActiveCfg = Release|Any CPU
		{DB5BAB1D-C137-4910-A6EE-80030F895CFC}.Release|Any CPU.Build.0 = Release|Any CPU
	EndGlobalSection
	GlobalSection(SolutionProperties) = preSolution
		HideSolutionNode = FALSE
	EndGlobalSection
	GlobalSection(ExtensibilityGlobals) = postSolution
		SolutionGuid = {D16B8CB6-0213-458C-870E-3A66FD5767B6}
	EndGlobalSection
EndGlobal
